
Microsoft Visual Studio Solution File, Format Version 12.00
# Visual Studio Version 17
VisualStudioVersion = 17.4.33110.190
MinimumVisualStudioVersion = 10.0.40219.1
Project("{6EC3EE1D-3C4E-46DD-8F32-0CC8E7565705}") = "DpmCalculator", "DpmCalculator\DpmCalculator.fsproj", "{DB6D24A6-660B-4AC0-A31F-4F485831B78F}"
EndProject
Project("{6EC3EE1D-3C4E-46DD-8F32-0CC8E7565705}") = "DpmCalculator.Core", "DpmCalculator.Core\DpmCalculator.Core.fsproj", "{DBC47F35-4998-465C-8107-BFF4A7A3101A}"
EndProject
Project("{6EC3EE1D-3C4E-46DD-8F32-0CC8E7565705}") = "DpmCalculator.Items", "DpmCalculator.Items\DpmCalculator.Items.fsproj", "{04A6DF71-F515-47B2-9BD0-63CD5BFD4EA1}"
EndProject
Project("{6EC3EE1D-3C4E-46DD-8F32-0CC8E7565705}") = "DpmCalculator.Jobs", "DpmCalculator.Jobs\DpmCalculator.Jobs.fsproj", "{115CC383-FBE1-4B42-B176-31A373930E58}"
EndProject
Project("{F2A71F9B-5D33-465A-A702-920D77279786}") = "DpmCalculator.Items.Test", "DpmCalculator.Items.Test\DpmCalculator.Items.Test.fsproj", "{0570D1E3-4B75-4200-B1A9-16B7BF643B37}"
EndProject
Global
	GlobalSection(SolutionConfigurationPlatforms) = preSolution
		Debug|Any CPU = Debug|Any CPU
		Release|Any CPU = Release|Any CPU
	EndGlobalSection
	GlobalSection(ProjectConfigurationPlatforms) = postSolution
		{DB6D24A6-660B-4AC0-A31F-4F485831B78F}.Debug|Any CPU.ActiveCfg = Debug|Any CPU
		{DB6D24A6-660B-4AC0-A31F-4F485831B78F}.Debug|Any CPU.Build.0 = Debug|Any CPU
		{DB6D24A6-660B-4AC0-A31F-4F485831B78F}.Release|Any CPU.ActiveCfg = Release|Any CPU
		{DB6D24A6-660B-4AC0-A31F-4F485831B78F}.Release|Any CPU.Build.0 = Release|Any CPU
		{DBC47F35-4998-465C-8107-BFF4A7A3101A}.Debug|Any CPU.ActiveCfg = Debug|Any CPU
		{DBC47F35-4998-465C-8107-BFF4A7A3101A}.Debug|Any CPU.Build.0 = Debug|Any CPU
		{DBC47F35-4998-465C-8107-BFF4A7A3101A}.Release|Any CPU.ActiveCfg = Release|Any CPU
		{DBC47F35-4998-465C-8107-BFF4A7A3101A}.Release|Any CPU.Build.0 = Release|Any CPU
		{04A6DF71-F515-47B2-9BD0-63CD5BFD4EA1}.Debug|Any CPU.ActiveCfg = Debug|Any CPU
		{04A6DF71-F515-47B2-9BD0-63CD5BFD4EA1}.Debug|Any CPU.Build.0 = Debug|Any CPU
		{04A6DF71-F515-47B2-9BD0-63CD5BFD4EA1}.Release|Any CPU.ActiveCfg = Release|Any CPU
		{04A6DF71-F515-47B2-9BD0-63CD5BFD4EA1}.Release|Any CPU.Build.0 = Release|Any CPU
		{115CC383-FBE1-4B42-B176-31A373930E58}.Debug|Any CPU.ActiveCfg = Debug|Any CPU
		{115CC383-FBE1-4B42-B176-31A373930E58}.Debug|Any CPU.Build.0 = Debug|Any CPU
		{115CC383-FBE1-4B42-B176-31A373930E58}.Release|Any CPU.ActiveCfg = Release|Any CPU
		{115CC383-FBE1-4B42-B176-31A373930E58}.Release|Any CPU.Build.0 = Release|Any CPU
		{0570D1E3-4B75-4200-B1A9-16B7BF643B37}.Debug|Any CPU.ActiveCfg = Debug|Any CPU
		{0570D1E3-4B75-4200-B1A9-16B7BF643B37}.Debug|Any CPU.Build.0 = Debug|Any CPU
		{0570D1E3-4B75-4200-B1A9-16B7BF643B37}.Release|Any CPU.ActiveCfg = Release|Any CPU
		{0570D1E3-4B75-4200-B1A9-16B7BF643B37}.Release|Any CPU.Build.0 = Release|Any CPU
	EndGlobalSection
	GlobalSection(SolutionProperties) = preSolution
		HideSolutionNode = FALSE
	EndGlobalSection
	GlobalSection(ExtensibilityGlobals) = postSolution
		SolutionGuid = {853D52F2-8F7E-404E-A2C6-27700448BF35}
	EndGlobalSection
EndGlobal
